
Microsoft Visual Studio Solution File, Format Version 12.00
# Visual Studio Version 17
VisualStudioVersion = 17.0.32014.148
MinimumVisualStudioVersion = 10.0.40219.1
Project("{FAE04EC0-301F-11D3-BF4B-00C04F79EFBC}") = "BlazorUI", "BlazorUI\BlazorUI.csproj", "{B27A8419-020D-4B60-9E1F-282454262867}"
EndProject
Global
	GlobalSection(SolutionConfigurationPlatforms) = preSolution
		Debug|Any CPU = Debug|Any CPU
		Release|Any CPU = Release|Any CPU
	EndGlobalSection
	GlobalSection(ProjectConfigurationPlatforms) = postSolution
		{B27A8419-020D-4B60-9E1F-282454262867}.Debug|Any CPU.ActiveCfg = Debug|Any CPU
		{B27A8419-020D-4B60-9E1F-282454262867}.Debug|Any CPU.Build.0 = Debug|Any CPU
		{B27A8419-020D-4B60-9E1F-282454262867}.Release|Any CPU.ActiveCfg = Release|Any CPU
		{B27A8419-020D-4B60-9E1F-282454262867}.Release|Any CPU.Build.0 = Release|Any CPU
	EndGlobalSection
	GlobalSection(SolutionProperties) = preSolution
		HideSolutionNode = FALSE
	EndGlobalSection
	GlobalSection(ExtensibilityGlobals) = postSolution
		SolutionGuid = {DD5B1866-9572-4A50-8826-0EFE9C6FFCE6}
	EndGlobalSection
EndGlobal
