
Microsoft Visual Studio Solution File, Format Version 12.00
# Visual Studio Version 17
VisualStudioVersion = 17.0.32014.148
MinimumVisualStudioVersion = 10.0.40219.1
Project("{FAE04EC0-301F-11D3-BF4B-00C04F79EFBC}") = "DemoLibrary", "DemoLibrary\DemoLibrary.csproj", "{23064B8A-C59B-4671-B4EA-A495D60C8410}"
EndProject
Project("{FAE04EC0-301F-11D3-BF4B-00C04F79EFBC}") = "ConsoleUI", "ConsoleUI\ConsoleUI.csproj", "{65393967-50B6-441B-8825-3773C47EFFC7}"
EndProject
Project("{FAE04EC0-301F-11D3-BF4B-00C04F79EFBC}") = "WinFormUI", "WinFormUI\WinFormUI.csproj", "{3A2EDC29-B2EC-4C2D-A6AC-2D763FC4CC78}"
EndProject
Global
	GlobalSection(SolutionConfigurationPlatforms) = preSolution
		Debug|Any CPU = Debug|Any CPU
		Release|Any CPU = Release|Any CPU
	EndGlobalSection
	GlobalSection(ProjectConfigurationPlatforms) = postSolution
		{23064B8A-C59B-4671-B4EA-A495D60C8410}.Debug|Any CPU.ActiveCfg = Debug|Any CPU
		{23064B8A-C59B-4671-B4EA-A495D60C8410}.Debug|Any CPU.Build.0 = Debug|Any CPU
		{23064B8A-C59B-4671-B4EA-A495D60C8410}.Release|Any CPU.ActiveCfg = Release|Any CPU
		{23064B8A-C59B-4671-B4EA-A495D60C8410}.Release|Any CPU.Build.0 = Release|Any CPU
		{65393967-50B6-441B-8825-3773C47EFFC7}.Debug|Any CPU.ActiveCfg = Debug|Any CPU
		{65393967-50B6-441B-8825-3773C47EFFC7}.Debug|Any CPU.Build.0 = Debug|Any CPU
		{65393967-50B6-441B-8825-3773C47EFFC7}.Release|Any CPU.ActiveCfg = Release|Any CPU
		{65393967-50B6-441B-8825-3773C47EFFC7}.Release|Any CPU.Build.0 = Release|Any CPU
		{3A2EDC29-B2EC-4C2D-A6AC-2D763FC4CC78}.Debug|Any CPU.ActiveCfg = Debug|Any CPU
		{3A2EDC29-B2EC-4C2D-A6AC-2D763FC4CC78}.Debug|Any CPU.Build.0 = Debug|Any CPU
		{3A2EDC29-B2EC-4C2D-A6AC-2D763FC4CC78}.Release|Any CPU.ActiveCfg = Release|Any CPU
		{3A2EDC29-B2EC-4C2D-A6AC-2D763FC4CC78}.Release|Any CPU.Build.0 = Release|Any CPU
	EndGlobalSection
	GlobalSection(SolutionProperties) = preSolution
		HideSolutionNode = FALSE
	EndGlobalSection
	GlobalSection(ExtensibilityGlobals) = postSolution
		SolutionGuid = {8DF306D9-C8FB-42E1-AED9-43B44A0C0310}
	EndGlobalSection
EndGlobal
